# THIS IS AN AUTOGENERATED FILE. DO NOT EDIT THIS FILE DIRECTLY.
# yarn lockfile v1


browser-split@0.0.0:
  version "0.0.0"
  resolved "https://registry.yarnpkg.com/browser-split/-/browser-split-0.0.0.tgz#41419caef769755929dd518967d3eec0a6262771"
  integrity sha1-QUGcrvdpdVkp3VGJZ9PuwKYmJ3E=

class-list@~0.1.0, class-list@~0.1.1:
  version "0.1.1"
  resolved "https://registry.yarnpkg.com/class-list/-/class-list-0.1.1.tgz#9b9745192c4179b5da0a0d7633658e3c70d796cb"
  integrity sha1-m5dFGSxBebXaCg12M2WOPHDXlss=
  dependencies:
    indexof "0.0.1"

html-element@^2.0.0:
  version "2.3.1"
  resolved "https://registry.yarnpkg.com/html-element/-/html-element-2.3.1.tgz#5feb23dd5226467ef8c2faec51a5bf29c4ef5440"
  integrity sha512-xnFt2ZkbFcjc+JoAtg3Hl89VeEZDjododu4VCPkRvFmBTHHA9U1Nt6hLUWfW2O+6Sl/rT1hHK/PivleX3PdBJQ==
  dependencies:
    class-list "~0.1.1"

hyperscript@^2.0.2:
  version "2.0.2"
  resolved "https://registry.yarnpkg.com/hyperscript/-/hyperscript-2.0.2.tgz#3839cba45554bdfe27bb81c2142d1684f8135af5"
  integrity sha1-ODnLpFVUvf4nu4HCFC0WhPgTWvU=
  dependencies:
    browser-split "0.0.0"
    class-list "~0.1.0"
    html-element "^2.0.0"

indexof@0.0.1:
  version "0.0.1"
  resolved "https://registry.yarnpkg.com/indexof/-/indexof-0.0.1.tgz#82dc336d232b9062179d05ab3293a66059fd435d"
  integrity sha1-gtwzbSMrkGIXnQWrMpOmYFn9Q10=

mustache@^4.2.0:
  version "4.2.0"
  resolved "https://registry.yarnpkg.com/mustache/-/mustache-4.2.0.tgz#e5892324d60a12ec9c2a73359edca52972bf6f64"
  integrity sha512-71ippSywq5Yb7/tVYyGbkBggbU8H3u5Rz56fH60jGFgr8uHwxs+aSKeqmluIVzM0m0kB7xQjKS6qPfd0b2ZoqQ==
